
Microsoft Visual Studio Solution File, Format Version 12.00
# Visual Studio Version 17
VisualStudioVersion = 17.0.31903.59
MinimumVisualStudioVersion = 10.0.40219.1
Project("{2150E333-8FDC-42A3-9474-1A3956D46DE8}") = "src", "src", "{4BEA924F-630B-4E0C-8158-C4F3933FDA0F}"
EndProject
Project("{FAE04EC0-301F-11D3-BF4B-00C04F79EFBC}") = "OutlookGmailSync", "src\OutlookGmailSync\OutlookGmailSync.csproj", "{A6EF6863-41FE-4F6C-A202-E8802C6DC33B}"
EndProject
Project("{FAE04EC0-301F-11D3-BF4B-00C04F79EFBC}") = "OutlookGmailSync.AuthCli", "src\OutlookGmailSync.AuthCli\OutlookGmailSync.AuthCli.csproj", "{8606AB6A-C1AD-4506-A37D-71E077E9393D}"
EndProject
Project("{2150E333-8FDC-42A3-9474-1A3956D46DE8}") = "tests", "tests", "{9465186F-0136-414B-B1D6-4B51C310CA5C}"
EndProject
Project("{FAE04EC0-301F-11D3-BF4B-00C04F79EFBC}") = "OutlookGmailSync.Tests", "tests\OutlookGmailSync.Tests\OutlookGmailSync.Tests.csproj", "{0307590A-931F-4389-BCD4-7973FB26ECA0}"
EndProject
Global
	GlobalSection(SolutionConfigurationPlatforms) = preSolution
		Debug|Any CPU = Debug|Any CPU
		Release|Any CPU = Release|Any CPU
	EndGlobalSection
	GlobalSection(SolutionProperties) = preSolution
		HideSolutionNode = FALSE
	EndGlobalSection
	GlobalSection(ProjectConfigurationPlatforms) = postSolution
		{A6EF6863-41FE-4F6C-A202-E8802C6DC33B}.Debug|Any CPU.ActiveCfg = Debug|Any CPU
		{A6EF6863-41FE-4F6C-A202-E8802C6DC33B}.Debug|Any CPU.Build.0 = Debug|Any CPU
		{A6EF6863-41FE-4F6C-A202-E8802C6DC33B}.Release|Any CPU.ActiveCfg = Release|Any CPU
		{A6EF6863-41FE-4F6C-A202-E8802C6DC33B}.Release|Any CPU.Build.0 = Release|Any CPU
		{8606AB6A-C1AD-4506-A37D-71E077E9393D}.Debug|Any CPU.ActiveCfg = Debug|Any CPU
		{8606AB6A-C1AD-4506-A37D-71E077E9393D}.Debug|Any CPU.Build.0 = Debug|Any CPU
		{8606AB6A-C1AD-4506-A37D-71E077E9393D}.Release|Any CPU.ActiveCfg = Release|Any CPU
		{8606AB6A-C1AD-4506-A37D-71E077E9393D}.Release|Any CPU.Build.0 = Release|Any CPU
		{0307590A-931F-4389-BCD4-7973FB26ECA0}.Debug|Any CPU.ActiveCfg = Debug|Any CPU
		{0307590A-931F-4389-BCD4-7973FB26ECA0}.Debug|Any CPU.Build.0 = Debug|Any CPU
		{0307590A-931F-4389-BCD4-7973FB26ECA0}.Release|Any CPU.ActiveCfg = Release|Any CPU
		{0307590A-931F-4389-BCD4-7973FB26ECA0}.Release|Any CPU.Build.0 = Release|Any CPU
	EndGlobalSection
	GlobalSection(NestedProjects) = preSolution
		{A6EF6863-41FE-4F6C-A202-E8802C6DC33B} = {4BEA924F-630B-4E0C-8158-C4F3933FDA0F}
		{8606AB6A-C1AD-4506-A37D-71E077E9393D} = {4BEA924F-630B-4E0C-8158-C4F3933FDA0F}
		{0307590A-931F-4389-BCD4-7973FB26ECA0} = {9465186F-0136-414B-B1D6-4B51C310CA5C}
	EndGlobalSection
EndGlobal
